
Microsoft Visual Studio Solution File, Format Version 12.00
# Visual Studio Version 17
VisualStudioVersion = 17.11.35219.272
MinimumVisualStudioVersion = 10.0.40219.1
Project("{FAE04EC0-301F-11D3-BF4B-00C04F79EFBC}") = "Uppgift 6", "Uppgift 6\Uppgift 6.csproj", "{520018E5-63AE-4365-B436-3F3483DD0913}"
EndProject
Global
	GlobalSection(SolutionConfigurationPlatforms) = preSolution
		Debug|Any CPU = Debug|Any CPU
		Release|Any CPU = Release|Any CPU
	EndGlobalSection
	GlobalSection(ProjectConfigurationPlatforms) = postSolution
		{520018E5-63AE-4365-B436-3F3483DD0913}.Debug|Any CPU.ActiveCfg = Debug|Any CPU
		{520018E5-63AE-4365-B436-3F3483DD0913}.Debug|Any CPU.Build.0 = Debug|Any CPU
		{520018E5-63AE-4365-B436-3F3483DD0913}.Release|Any CPU.ActiveCfg = Release|Any CPU
		{520018E5-63AE-4365-B436-3F3483DD0913}.Release|Any CPU.Build.0 = Release|Any CPU
	EndGlobalSection
	GlobalSection(SolutionProperties) = preSolution
		HideSolutionNode = FALSE
	EndGlobalSection
	GlobalSection(ExtensibilityGlobals) = postSolution
		SolutionGuid = {FC42C203-4782-42D6-82E2-E658629B38AC}
	EndGlobalSection
EndGlobal
